// !$*UTF8*$!
{
	archiveVersion = 1;
	classes = {
	};
	objectVersion = 46;
	objects = {

/* Begin PBXBuildFile section */
		669958BA1CCDA8010068A8F8 /* MainViewController.m in Sources */ = {isa = PBXBuildFile; fileRef = 669958B91CCDA8010068A8F8 /* MainViewController.m */; settings = {ASSET_TAGS = (); }; };
		669958E81CCDAFDE0068A8F8 /* BusinessViewController.m in Sources */ = {isa = PBXBuildFile; fileRef = 669958D31CCDAFDE0068A8F8 /* BusinessViewController.m */; settings = {ASSET_TAGS = (); }; };
		669958E91CCDAFDE0068A8F8 /* BuyViewController.m in Sources */ = {isa = PBXBuildFile; fileRef = 669958D91CCDAFDE0068A8F8 /* BuyViewController.m */; settings = {ASSET_TAGS = (); }; };
		669958EA1CCDAFDE0068A8F8 /* HomePageViewController.m in Sources */ = {isa = PBXBuildFile; fileRef = 669958DF1CCDAFDE0068A8F8 /* HomePageViewController.m */; settings = {ASSET_TAGS = (); }; };
		669958EB1CCDAFDE0068A8F8 /* MineViewController.m in Sources */ = {isa = PBXBuildFile; fileRef = 669958E51CCDAFDE0068A8F8 /* MineViewController.m */; settings = {ASSET_TAGS = (); }; };
		669959171CCDF4A10068A8F8 /* collection.png in Resources */ = {isa = PBXBuildFile; fileRef = 669958F01CCDF4A10068A8F8 /* collection.png */; settings = {ASSET_TAGS = (); }; };
		669959181CCDF4A10068A8F8 /* comments.png in Resources */ = {isa = PBXBuildFile; fileRef = 669958F11CCDF4A10068A8F8 /* comments.png */; settings = {ASSET_TAGS = (); }; };
		669959191CCDF4A10068A8F8 /* help.png in Resources */ = {isa = PBXBuildFile; fileRef = 669958F21CCDF4A10068A8F8 /* help.png */; settings = {ASSET_TAGS = (); }; };
		6699591A1CCDF4A10068A8F8 /* Icon.png in Resources */ = {isa = PBXBuildFile; fileRef = 669958F31CCDF4A10068A8F8 /* Icon.png */; settings = {ASSET_TAGS = (); }; };
		6699591B1CCDF4A10068A8F8 /* money.png in Resources */ = {isa = PBXBuildFile; fileRef = 669958F41CCDF4A10068A8F8 /* money.png */; settings = {ASSET_TAGS = (); }; };
		6699591C1CCDF4A10068A8F8 /* Myaccount.png in Resources */ = {isa = PBXBuildFile; fileRef = 669958F51CCDF4A10068A8F8 /* Myaccount.png */; settings = {ASSET_TAGS = (); }; };
		6699591D1CCDF4A10068A8F8 /* MyLogin.png in Resources */ = {isa = PBXBuildFile; fileRef = 669958F61CCDF4A10068A8F8 /* MyLogin.png */; settings = {ASSET_TAGS = (); }; };
		6699591E1CCDF4A10068A8F8 /* order.png in Resources */ = {isa = PBXBuildFile; fileRef = 669958F71CCDF4A10068A8F8 /* order.png */; settings = {ASSET_TAGS = (); }; };
		6699591F1CCDF4A10068A8F8 /* Setting.png in Resources */ = {isa = PBXBuildFile; fileRef = 669958F81CCDF4A10068A8F8 /* Setting.png */; settings = {ASSET_TAGS = (); }; };
		669959201CCDF4A10068A8F8 /* share.png in Resources */ = {isa = PBXBuildFile; fileRef = 669958F91CCDF4A10068A8F8 /* share.png */; settings = {ASSET_TAGS = (); }; };
		669959211CCDF4A10068A8F8 /* sharetop.png in Resources */ = {isa = PBXBuildFile; fileRef = 669958FA1CCDF4A10068A8F8 /* sharetop.png */; settings = {ASSET_TAGS = (); }; };
		669959221CCDF4A10068A8F8 /* shopcar.png in Resources */ = {isa = PBXBuildFile; fileRef = 669958FB1CCDF4A10068A8F8 /* shopcar.png */; settings = {ASSET_TAGS = (); }; };
		669959231CCDF4A10068A8F8 /* wallet.png in Resources */ = {isa = PBXBuildFile; fileRef = 669958FC1CCDF4A10068A8F8 /* wallet.png */; settings = {ASSET_TAGS = (); }; };
		669959241CCDF4A10068A8F8 /* bg1@2x.png in Resources */ = {isa = PBXBuildFile; fileRef = 669958FE1CCDF4A10068A8F8 /* bg1@2x.png */; settings = {ASSET_TAGS = (); }; };
		669959251CCDF4A10068A8F8 /* bg2@2x.png in Resources */ = {isa = PBXBuildFile; fileRef = 669958FF1CCDF4A10068A8F8 /* bg2@2x.png */; settings = {ASSET_TAGS = (); }; };
		669959261CCDF4A10068A8F8 /* bg3@2x.png in Resources */ = {isa = PBXBuildFile; fileRef = 669959001CCDF4A10068A8F8 /* bg3@2x.png */; settings = {ASSET_TAGS = (); }; };
		669959271CCDF4A10068A8F8 /* bg4@2x.png in Resources */ = {isa = PBXBuildFile; fileRef = 669959011CCDF4A10068A8F8 /* bg4@2x.png */; settings = {ASSET_TAGS = (); }; };
		669959281CCDF4A10068A8F8 /* title1@2x.png in Resources */ = {isa = PBXBuildFile; fileRef = 669959021CCDF4A10068A8F8 /* title1@2x.png */; settings = {ASSET_TAGS = (); }; };
		669959291CCDF4A10068A8F8 /* title2@2x.png in Resources */ = {isa = PBXBuildFile; fileRef = 669959031CCDF4A10068A8F8 /* title2@2x.png */; settings = {ASSET_TAGS = (); }; };
		6699592A1CCDF4A10068A8F8 /* title3@2x.png in Resources */ = {isa = PBXBuildFile; fileRef = 669959041CCDF4A10068A8F8 /* title3@2x.png */; settings = {ASSET_TAGS = (); }; };
		6699592B1CCDF4A10068A8F8 /* title4@2x.png in Resources */ = {isa = PBXBuildFile; fileRef = 669959051CCDF4A10068A8F8 /* title4@2x.png */; settings = {ASSET_TAGS = (); }; };
		6699592C1CCDF4A10068A8F8 /* bussiness_normal.png in Resources */ = {isa = PBXBuildFile; fileRef = 669959071CCDF4A10068A8F8 /* bussiness_normal.png */; settings = {ASSET_TAGS = (); }; };
		6699592D1CCDF4A10068A8F8 /* bussiness_selected.png in Resources */ = {isa = PBXBuildFile; fileRef = 669959081CCDF4A10068A8F8 /* bussiness_selected.png */; settings = {ASSET_TAGS = (); }; };
		6699592E1CCDF4A10068A8F8 /* buy_normal.png in Resources */ = {isa = PBXBuildFile; fileRef = 669959091CCDF4A10068A8F8 /* buy_normal.png */; settings = {ASSET_TAGS = (); }; };
		6699592F1CCDF4A10068A8F8 /* buy_selected.png in Resources */ = {isa = PBXBuildFile; fileRef = 6699590A1CCDF4A10068A8F8 /* buy_selected.png */; settings = {ASSET_TAGS = (); }; };
		669959301CCDF4A10068A8F8 /* homepage_normal.png in Resources */ = {isa = PBXBuildFile; fileRef = 6699590B1CCDF4A10068A8F8 /* homepage_normal.png */; settings = {ASSET_TAGS = (); }; };
		669959311CCDF4A10068A8F8 /* homepage_selected.png in Resources */ = {isa = PBXBuildFile; fileRef = 6699590C1CCDF4A10068A8F8 /* homepage_selected.png */; settings = {ASSET_TAGS = (); }; };
		669959321CCDF4A10068A8F8 /* mine_normal.png in Resources */ = {isa = PBXBuildFile; fileRef = 6699590D1CCDF4A10068A8F8 /* mine_normal.png */; settings = {ASSET_TAGS = (); }; };
		669959331CCDF4A10068A8F8 /* mine_selected.png in Resources */ = {isa = PBXBuildFile; fileRef = 6699590E1CCDF4A10068A8F8 /* mine_selected.png */; settings = {ASSET_TAGS = (); }; };
		669959341CCDF4A10068A8F8 /* navigationbar_background.png in Resources */ = {isa = PBXBuildFile; fileRef = 6699590F1CCDF4A10068A8F8 /* navigationbar_background.png */; settings = {ASSET_TAGS = (); }; };
		669959351CCDF4A10068A8F8 /* navigationbar_background@2x.png in Resources */ = {isa = PBXBuildFile; fileRef = 669959101CCDF4A10068A8F8 /* navigationbar_background@2x.png */; settings = {ASSET_TAGS = (); }; };
		669959361CCDF4A10068A8F8 /* navigationbar_background_tall.png in Resources */ = {isa = PBXBuildFile; fileRef = 669959111CCDF4A10068A8F8 /* navigationbar_background_tall.png */; settings = {ASSET_TAGS = (); }; };
		669959371CCDF4A10068A8F8 /* navigationbar_background_tall@2x.png in Resources */ = {isa = PBXBuildFile; fileRef = 669959121CCDF4A10068A8F8 /* navigationbar_background_tall@2x.png */; settings = {ASSET_TAGS = (); }; };
		669959381CCDF4A10068A8F8 /* tabbar_normal_background.png in Resources */ = {isa = PBXBuildFile; fileRef = 669959131CCDF4A10068A8F8 /* tabbar_normal_background.png */; settings = {ASSET_TAGS = (); }; };
		669959391CCDF4A10068A8F8 /* tabbar_normal_background@2x.png in Resources */ = {isa = PBXBuildFile; fileRef = 669959141CCDF4A10068A8F8 /* tabbar_normal_background@2x.png */; settings = {ASSET_TAGS = (); }; };
		6699593A1CCDF4A10068A8F8 /* tabbar_selected_background.png in Resources */ = {isa = PBXBuildFile; fileRef = 669959151CCDF4A10068A8F8 /* tabbar_selected_background.png */; settings = {ASSET_TAGS = (); }; };
		6699593B1CCDF4A10068A8F8 /* tabbar_selected_background@2x.png in Resources */ = {isa = PBXBuildFile; fileRef = 669959161CCDF4A10068A8F8 /* tabbar_selected_background@2x.png */; settings = {ASSET_TAGS = (); }; };
		669959441CCDF5EF0068A8F8 /* UIColor+Chameleon.m in Sources */ = {isa = PBXBuildFile; fileRef = 6699593F1CCDF5EF0068A8F8 /* UIColor+Chameleon.m */; settings = {ASSET_TAGS = (); }; };
		669959451CCDF5EF0068A8F8 /* UIColor+ChameleonPrivate.m in Sources */ = {isa = PBXBuildFile; fileRef = 669959411CCDF5EF0068A8F8 /* UIColor+ChameleonPrivate.m */; settings = {ASSET_TAGS = (); }; };
		669959461CCDF5EF0068A8F8 /* UIImage+TransformColorAndImage.m in Sources */ = {isa = PBXBuildFile; fileRef = 669959431CCDF5EF0068A8F8 /* UIImage+TransformColorAndImage.m */; settings = {ASSET_TAGS = (); }; };
		669959571CCDF7C50068A8F8 /* LoginViewController.m in Sources */ = {isa = PBXBuildFile; fileRef = 6699594A1CCDF7C50068A8F8 /* LoginViewController.m */; settings = {ASSET_TAGS = (); }; };
		669959581CCDF7C50068A8F8 /* RegisterViewController.m in Sources */ = {isa = PBXBuildFile; fileRef = 6699594C1CCDF7C50068A8F8 /* RegisterViewController.m */; settings = {ASSET_TAGS = (); }; };
		669959591CCDF7C50068A8F8 /* ResetPwdViewController.m in Sources */ = {isa = PBXBuildFile; fileRef = 6699594E1CCDF7C50068A8F8 /* ResetPwdViewController.m */; settings = {ASSET_TAGS = (); }; };
		6699595A1CCDF7C50068A8F8 /* Loginview.m in Sources */ = {isa = PBXBuildFile; fileRef = 669959521CCDF7C50068A8F8 /* Loginview.m */; settings = {ASSET_TAGS = (); }; };
		6699595B1CCDF7C50068A8F8 /* RegisterView.m in Sources */ = {isa = PBXBuildFile; fileRef = 669959541CCDF7C50068A8F8 /* RegisterView.m */; settings = {ASSET_TAGS = (); }; };
		6699595C1CCDF7C50068A8F8 /* resetPwdview.m in Sources */ = {isa = PBXBuildFile; fileRef = 669959561CCDF7C50068A8F8 /* resetPwdview.m */; settings = {ASSET_TAGS = (); }; };
		66CFBF291CCD9C9F00584043 /* main.m in Sources */ = {isa = PBXBuildFile; fileRef = 66CFBF281CCD9C9F00584043 /* main.m */; };
		66CFBF2C1CCD9C9F00584043 /* AppDelegate.m in Sources */ = {isa = PBXBuildFile; fileRef = 66CFBF2B1CCD9C9F00584043 /* AppDelegate.m */; };
		66CFBF321CCD9C9F00584043 /* Main.storyboard in Resources */ = {isa = PBXBuildFile; fileRef = 66CFBF301CCD9C9F00584043 /* Main.storyboard */; };
		66CFBF341CCD9C9F00584043 /* Assets.xcassets in Resources */ = {isa = PBXBuildFile; fileRef = 66CFBF331CCD9C9F00584043 /* Assets.xcassets */; };
		66CFBF371CCD9C9F00584043 /* LaunchScreen.storyboard in Resources */ = {isa = PBXBuildFile; fileRef = 66CFBF351CCD9C9F00584043 /* LaunchScreen.storyboard */; };
		66CFBF421CCD9C9F00584043 /* HappyBuyTests.m in Sources */ = {isa = PBXBuildFile; fileRef = 66CFBF411CCD9C9F00584043 /* HappyBuyTests.m */; };
		66CFBF4D1CCD9C9F00584043 /* HappyBuyUITests.m in Sources */ = {isa = PBXBuildFile; fileRef = 66CFBF4C1CCD9C9F00584043 /* HappyBuyUITests.m */; };
		E30F60B1149E414E2C8E0EA9 /* libPods.a in Frameworks */ = {isa = PBXBuildFile; fileRef = E1E91A1412572CB1FE5757B7 /* libPods.a */; };
/* End PBXBuildFile section */

/* Begin PBXContainerItemProxy section */
		66CFBF3E1CCD9C9F00584043 /* PBXContainerItemProxy */ = {
			isa = PBXContainerItemProxy;
			containerPortal = 66CFBF1C1CCD9C9E00584043 /* Project object */;
			proxyType = 1;
			remoteGlobalIDString = 66CFBF231CCD9C9F00584043;
			remoteInfo = HappyBuy;
		};
		66CFBF491CCD9C9F00584043 /* PBXContainerItemProxy */ = {
			isa = PBXContainerItemProxy;
			containerPortal = 66CFBF1C1CCD9C9E00584043 /* Project object */;
			proxyType = 1;
			remoteGlobalIDString = 66CFBF231CCD9C9F00584043;
			remoteInfo = HappyBuy;
		};
/* End PBXContainerItemProxy section */

/* Begin PBXFileReference section */
		669958B81CCDA8010068A8F8 /* MainViewController.h */ = {isa = PBXFileReference; fileEncoding = 4; lastKnownFileType = sourcecode.c.h; path = MainViewController.h; sourceTree = "<group>"; };
		669958B91CCDA8010068A8F8 /* MainViewController.m */ = {isa = PBXFileReference; fileEncoding = 4; lastKnownFileType = sourcecode.c.objc; path = MainViewController.m; sourceTree = "<group>"; };
		669958CA1CCDAB5C0068A8F8 /* PrefixHeader.pch */ = {isa = PBXFileReference; lastKnownFileType = sourcecode.c.h; path = PrefixHeader.pch; sourceTree = "<group>"; };
		669958CC1CCDABF10068A8F8 /* APPHeader.h */ = {isa = PBXFileReference; lastKnownFileType = sourcecode.c.h; path = APPHeader.h; sourceTree = "<group>"; };
		669958CD1CCDAC050068A8F8 /* IMPHeader.h */ = {isa = PBXFileReference; lastKnownFileType = sourcecode.c.h; path = IMPHeader.h; sourceTree = "<group>"; };
		669958CE1CCDAC120068A8F8 /* KeyHeader.h */ = {isa = PBXFileReference; lastKnownFileType = sourcecode.c.h; path = KeyHeader.h; sourceTree = "<group>"; };
		669958CF1CCDAC1E0068A8F8 /* URlHeader.h */ = {isa = PBXFileReference; lastKnownFileType = sourcecode.c.h; path = URlHeader.h; sourceTree = "<group>"; };
		669958D21CCDAFDE0068A8F8 /* BusinessViewController.h */ = {isa = PBXFileReference; fileEncoding = 4; lastKnownFileType = sourcecode.c.h; path = BusinessViewController.h; sourceTree = "<group>"; };
		669958D31CCDAFDE0068A8F8 /* BusinessViewController.m */ = {isa = PBXFileReference; fileEncoding = 4; lastKnownFileType = sourcecode.c.objc; path = BusinessViewController.m; sourceTree = "<group>"; };
		669958D81CCDAFDE0068A8F8 /* BuyViewController.h */ = {isa = PBXFileReference; fileEncoding = 4; lastKnownFileType = sourcecode.c.h; path = BuyViewController.h; sourceTree = "<group>"; };
		669958D91CCDAFDE0068A8F8 /* BuyViewController.m */ = {isa = PBXFileReference; fileEncoding = 4; lastKnownFileType = sourcecode.c.objc; path = BuyViewController.m; sourceTree = "<group>"; };
		669958DE1CCDAFDE0068A8F8 /* HomePageViewController.h */ = {isa = PBXFileReference; fileEncoding = 4; lastKnownFileType = sourcecode.c.h; path = HomePageViewController.h; sourceTree = "<group>"; };
		669958DF1CCDAFDE0068A8F8 /* HomePageViewController.m */ = {isa = PBXFileReference; fileEncoding = 4; lastKnownFileType = sourcecode.c.objc; path = HomePageViewController.m; sourceTree = "<group>"; };
		669958E41CCDAFDE0068A8F8 /* MineViewController.h */ = {isa = PBXFileReference; fileEncoding = 4; lastKnownFileType = sourcecode.c.h; path = MineViewController.h; sourceTree = "<group>"; };
		669958E51CCDAFDE0068A8F8 /* MineViewController.m */ = {isa = PBXFileReference; fileEncoding = 4; lastKnownFileType = sourcecode.c.objc; path = MineViewController.m; sourceTree = "<group>"; };
		669958F01CCDF4A10068A8F8 /* collection.png */ = {isa = PBXFileReference; lastKnownFileType = image.png; path = collection.png; sourceTree = "<group>"; };
		669958F11CCDF4A10068A8F8 /* comments.png */ = {isa = PBXFileReference; lastKnownFileType = image.png; path = comments.png; sourceTree = "<group>"; };
		669958F21CCDF4A10068A8F8 /* help.png */ = {isa = PBXFileReference; lastKnownFileType = image.png; path = help.png; sourceTree = "<group>"; };
		669958F31CCDF4A10068A8F8 /* Icon.png */ = {isa = PBXFileReference; lastKnownFileType = image.png; path = Icon.png; sourceTree = "<group>"; };
		669958F41CCDF4A10068A8F8 /* money.png */ = {isa = PBXFileReference; lastKnownFileType = image.png; path = money.png; sourceTree = "<group>"; };
		669958F51CCDF4A10068A8F8 /* Myaccount.png */ = {isa = PBXFileReference; lastKnownFileType = image.png; path = Myaccount.png; sourceTree = "<group>"; };
		669958F61CCDF4A10068A8F8 /* MyLogin.png */ = {isa = PBXFileReference; lastKnownFileType = image.png; path = MyLogin.png; sourceTree = "<group>"; };
		669958F71CCDF4A10068A8F8 /* order.png */ = {isa = PBXFileReference; lastKnownFileType = image.png; path = order.png; sourceTree = "<group>"; };
		669958F81CCDF4A10068A8F8 /* Setting.png */ = {isa = PBXFileReference; lastKnownFileType = image.png; path = Setting.png; sourceTree = "<group>"; };
		669958F91CCDF4A10068A8F8 /* share.png */ = {isa = PBXFileReference; lastKnownFileType = image.png; path = share.png; sourceTree = "<group>"; };
		669958FA1CCDF4A10068A8F8 /* sharetop.png */ = {isa = PBXFileReference; lastKnownFileType = image.png; path = sharetop.png; sourceTree = "<group>"; };
		669958FB1CCDF4A10068A8F8 /* shopcar.png */ = {isa = PBXFileReference; lastKnownFileType = image.png; path = shopcar.png; sourceTree = "<group>"; };
		669958FC1CCDF4A10068A8F8 /* wallet.png */ = {isa = PBXFileReference; lastKnownFileType = image.png; path = wallet.png; sourceTree = "<group>"; };
		669958FE1CCDF4A10068A8F8 /* bg1@2x.png */ = {isa = PBXFileReference; lastKnownFileType = image.png; path = "bg1@2x.png"; sourceTree = "<group>"; };
		669958FF1CCDF4A10068A8F8 /* bg2@2x.png */ = {isa = PBXFileReference; lastKnownFileType = image.png; path = "bg2@2x.png"; sourceTree = "<group>"; };
		669959001CCDF4A10068A8F8 /* bg3@2x.png */ = {isa = PBXFileReference; lastKnownFileType = image.png; path = "bg3@2x.png"; sourceTree = "<group>"; };
		669959011CCDF4A10068A8F8 /* bg4@2x.png */ = {isa = PBXFileReference; lastKnownFileType = image.png; path = "bg4@2x.png"; sourceTree = "<group>"; };
		669959021CCDF4A10068A8F8 /* title1@2x.png */ = {isa = PBXFileReference; lastKnownFileType = image.png; path = "title1@2x.png"; sourceTree = "<group>"; };
		669959031CCDF4A10068A8F8 /* title2@2x.png */ = {isa = PBXFileReference; lastKnownFileType = image.png; path = "title2@2x.png"; sourceTree = "<group>"; };
		669959041CCDF4A10068A8F8 /* title3@2x.png */ = {isa = PBXFileReference; lastKnownFileType = image.png; path = "title3@2x.png"; sourceTree = "<group>"; };
		669959051CCDF4A10068A8F8 /* title4@2x.png */ = {isa = PBXFileReference; lastKnownFileType = image.png; path = "title4@2x.png"; sourceTree = "<group>"; };
		669959071CCDF4A10068A8F8 /* bussiness_normal.png */ = {isa = PBXFileReference; lastKnownFileType = image.png; path = bussiness_normal.png; sourceTree = "<group>"; };
		669959081CCDF4A10068A8F8 /* bussiness_selected.png */ = {isa = PBXFileReference; lastKnownFileType = image.png; path = bussiness_selected.png; sourceTree = "<group>"; };
		669959091CCDF4A10068A8F8 /* buy_normal.png */ = {isa = PBXFileReference; lastKnownFileType = image.png; path = buy_normal.png; sourceTree = "<group>"; };
		6699590A1CCDF4A10068A8F8 /* buy_selected.png */ = {isa = PBXFileReference; lastKnownFileType = image.png; path = buy_selected.png; sourceTree = "<group>"; };
		6699590B1CCDF4A10068A8F8 /* homepage_normal.png */ = {isa = PBXFileReference; lastKnownFileType = image.png; path = homepage_normal.png; sourceTree = "<group>"; };
		6699590C1CCDF4A10068A8F8 /* homepage_selected.png */ = {isa = PBXFileReference; lastKnownFileType = image.png; path = homepage_selected.png; sourceTree = "<group>"; };
		6699590D1CCDF4A10068A8F8 /* mine_normal.png */ = {isa = PBXFileReference; lastKnownFileType = image.png; path = mine_normal.png; sourceTree = "<group>"; };
		6699590E1CCDF4A10068A8F8 /* mine_selected.png */ = {isa = PBXFileReference; lastKnownFileType = image.png; path = mine_selected.png; sourceTree = "<group>"; };
		6699590F1CCDF4A10068A8F8 /* navigationbar_background.png */ = {isa = PBXFileReference; lastKnownFileType = image.png; path = navigationbar_background.png; sourceTree = "<group>"; };
		669959101CCDF4A10068A8F8 /* navigationbar_background@2x.png */ = {isa = PBXFileReference; lastKnownFileType = image.png; path = "navigationbar_background@2x.png"; sourceTree = "<group>"; };
		669959111CCDF4A10068A8F8 /* navigationbar_background_tall.png */ = {isa = PBXFileReference; lastKnownFileType = image.png; path = navigationbar_background_tall.png; sourceTree = "<group>"; };
		669959121CCDF4A10068A8F8 /* navigationbar_background_tall@2x.png */ = {isa = PBXFileReference; lastKnownFileType = image.png; path = "navigationbar_background_tall@2x.png"; sourceTree = "<group>"; };
		669959131CCDF4A10068A8F8 /* tabbar_normal_background.png */ = {isa = PBXFileReference; lastKnownFileType = image.png; path = tabbar_normal_background.png; sourceTree = "<group>"; };
		669959141CCDF4A10068A8F8 /* tabbar_normal_background@2x.png */ = {isa = PBXFileReference; lastKnownFileType = image.png; path = "tabbar_normal_background@2x.png"; sourceTree = "<group>"; };
		669959151CCDF4A10068A8F8 /* tabbar_selected_background.png */ = {isa = PBXFileReference; lastKnownFileType = image.png; path = tabbar_selected_background.png; sourceTree = "<group>"; };
		669959161CCDF4A10068A8F8 /* tabbar_selected_background@2x.png */ = {isa = PBXFileReference; lastKnownFileType = image.png; path = "tabbar_selected_background@2x.png"; sourceTree = "<group>"; };
		6699593D1CCDF5EF0068A8F8 /* ChameleonMacros.h */ = {isa = PBXFileReference; fileEncoding = 4; lastKnownFileType = sourcecode.c.h; path = ChameleonMacros.h; sourceTree = "<group>"; };
		6699593E1CCDF5EF0068A8F8 /* UIColor+Chameleon.h */ = {isa = PBXFileReference; fileEncoding = 4; lastKnownFileType = sourcecode.c.h; path = "UIColor+Chameleon.h"; sourceTree = "<group>"; };
		6699593F1CCDF5EF0068A8F8 /* UIColor+Chameleon.m */ = {isa = PBXFileReference; fileEncoding = 4; lastKnownFileType = sourcecode.c.objc; path = "UIColor+Chameleon.m"; sourceTree = "<group>"; };
		669959401CCDF5EF0068A8F8 /* UIColor+ChameleonPrivate.h */ = {isa = PBXFileReference; fileEncoding = 4; lastKnownFileType = sourcecode.c.h; path = "UIColor+ChameleonPrivate.h"; sourceTree = "<group>"; };
		669959411CCDF5EF0068A8F8 /* UIColor+ChameleonPrivate.m */ = {isa = PBXFileReference; fileEncoding = 4; lastKnownFileType = sourcecode.c.objc; path = "UIColor+ChameleonPrivate.m"; sourceTree = "<group>"; };
		669959421CCDF5EF0068A8F8 /* UIImage+TransformColorAndImage.h */ = {isa = PBXFileReference; fileEncoding = 4; lastKnownFileType = sourcecode.c.h; path = "UIImage+TransformColorAndImage.h"; sourceTree = "<group>"; };
		669959431CCDF5EF0068A8F8 /* UIImage+TransformColorAndImage.m */ = {isa = PBXFileReference; fileEncoding = 4; lastKnownFileType = sourcecode.c.objc; path = "UIImage+TransformColorAndImage.m"; sourceTree = "<group>"; };
		669959491CCDF7C50068A8F8 /* LoginViewController.h */ = {isa = PBXFileReference; fileEncoding = 4; lastKnownFileType = sourcecode.c.h; path = LoginViewController.h; sourceTree = "<group>"; };
		6699594A1CCDF7C50068A8F8 /* LoginViewController.m */ = {isa = PBXFileReference; fileEncoding = 4; lastKnownFileType = sourcecode.c.objc; path = LoginViewController.m; sourceTree = "<group>"; };
		6699594B1CCDF7C50068A8F8 /* RegisterViewController.h */ = {isa = PBXFileReference; fileEncoding = 4; lastKnownFileType = sourcecode.c.h; path = RegisterViewController.h; sourceTree = "<group>"; };
		6699594C1CCDF7C50068A8F8 /* RegisterViewController.m */ = {isa = PBXFileReference; fileEncoding = 4; lastKnownFileType = sourcecode.c.objc; path = RegisterViewController.m; sourceTree = "<group>"; };
		6699594D1CCDF7C50068A8F8 /* ResetPwdViewController.h */ = {isa = PBXFileReference; fileEncoding = 4; lastKnownFileType = sourcecode.c.h; path = ResetPwdViewController.h; sourceTree = "<group>"; };
		6699594E1CCDF7C50068A8F8 /* ResetPwdViewController.m */ = {isa = PBXFileReference; fileEncoding = 4; lastKnownFileType = sourcecode.c.objc; path = ResetPwdViewController.m; sourceTree = "<group>"; };
		669959511CCDF7C50068A8F8 /* Loginview.h */ = {isa = PBXFileReference; fileEncoding = 4; lastKnownFileType = sourcecode.c.h; path = Loginview.h; sourceTree = "<group>"; };
		669959521CCDF7C50068A8F8 /* Loginview.m */ = {isa = PBXFileReference; fileEncoding = 4; lastKnownFileType = sourcecode.c.objc; path = Loginview.m; sourceTree = "<group>"; };
		669959531CCDF7C50068A8F8 /* RegisterView.h */ = {isa = PBXFileReference; fileEncoding = 4; lastKnownFileType = sourcecode.c.h; path = RegisterView.h; sourceTree = "<group>"; };
		669959541CCDF7C50068A8F8 /* RegisterView.m */ = {isa = PBXFileReference; fileEncoding = 4; lastKnownFileType = sourcecode.c.objc; path = RegisterView.m; sourceTree = "<group>"; };
		669959551CCDF7C50068A8F8 /* resetPwdview.h */ = {isa = PBXFileReference; fileEncoding = 4; lastKnownFileType = sourcecode.c.h; path = resetPwdview.h; sourceTree = "<group>"; };
		669959561CCDF7C50068A8F8 /* resetPwdview.m */ = {isa = PBXFileReference; fileEncoding = 4; lastKnownFileType = sourcecode.c.objc; path = resetPwdview.m; sourceTree = "<group>"; };
		66CACAB9CAD998398E2DC278 /* Pods.release.xcconfig */ = {isa = PBXFileReference; includeInIndex = 1; lastKnownFileType = text.xcconfig; name = Pods.release.xcconfig; path = "Pods/Target Support Files/Pods/Pods.release.xcconfig"; sourceTree = "<group>"; };
		66CFBF241CCD9C9F00584043 /* HappyBuy.app */ = {isa = PBXFileReference; explicitFileType = wrapper.application; includeInIndex = 0; path = HappyBuy.app; sourceTree = BUILT_PRODUCTS_DIR; };
		66CFBF281CCD9C9F00584043 /* main.m */ = {isa = PBXFileReference; lastKnownFileType = sourcecode.c.objc; path = main.m; sourceTree = "<group>"; };
		66CFBF2A1CCD9C9F00584043 /* AppDelegate.h */ = {isa = PBXFileReference; lastKnownFileType = sourcecode.c.h; name = AppDelegate.h; path = ../../AppDelegate.h; sourceTree = "<group>"; };
		66CFBF2B1CCD9C9F00584043 /* AppDelegate.m */ = {isa = PBXFileReference; lastKnownFileType = sourcecode.c.objc; name = AppDelegate.m; path = ../../AppDelegate.m; sourceTree = "<group>"; };
		66CFBF311CCD9C9F00584043 /* Base */ = {isa = PBXFileReference; lastKnownFileType = file.storyboard; name = Base; path = Base.lproj/Main.storyboard; sourceTree = "<group>"; };
		66CFBF331CCD9C9F00584043 /* Assets.xcassets */ = {isa = PBXFileReference; lastKnownFileType = folder.assetcatalog; path = Assets.xcassets; sourceTree = "<group>"; };
		66CFBF361CCD9C9F00584043 /* Base */ = {isa = PBXFileReference; lastKnownFileType = file.storyboard; name = Base; path = Base.lproj/LaunchScreen.storyboard; sourceTree = "<group>"; };
		66CFBF381CCD9C9F00584043 /* Info.plist */ = {isa = PBXFileReference; lastKnownFileType = text.plist.xml; path = Info.plist; sourceTree = "<group>"; };
		66CFBF3D1CCD9C9F00584043 /* HappyBuyTests.xctest */ = {isa = PBXFileReference; explicitFileType = wrapper.cfbundle; includeInIndex = 0; path = HappyBuyTests.xctest; sourceTree = BUILT_PRODUCTS_DIR; };
		66CFBF411CCD9C9F00584043 /* HappyBuyTests.m */ = {isa = PBXFileReference; lastKnownFileType = sourcecode.c.objc; path = HappyBuyTests.m; sourceTree = "<group>"; };
		66CFBF431CCD9C9F00584043 /* Info.plist */ = {isa = PBXFileReference; lastKnownFileType = text.plist.xml; path = Info.plist; sourceTree = "<group>"; };
		66CFBF481CCD9C9F00584043 /* HappyBuyUITests.xctest */ = {isa = PBXFileReference; explicitFileType = wrapper.cfbundle; includeInIndex = 0; path = HappyBuyUITests.xctest; sourceTree = BUILT_PRODUCTS_DIR; };
		66CFBF4C1CCD9C9F00584043 /* HappyBuyUITests.m */ = {isa = PBXFileReference; lastKnownFileType = sourcecode.c.objc; path = HappyBuyUITests.m; sourceTree = "<group>"; };
		66CFBF4E1CCD9C9F00584043 /* Info.plist */ = {isa = PBXFileReference; lastKnownFileType = text.plist.xml; path = Info.plist; sourceTree = "<group>"; };
		BB3E52C44887E0CB3866852E /* Pods.debug.xcconfig */ = {isa = PBXFileReference; includeInIndex = 1; lastKnownFileType = text.xcconfig; name = Pods.debug.xcconfig; path = "Pods/Target Support Files/Pods/Pods.debug.xcconfig"; sourceTree = "<group>"; };
		E1E91A1412572CB1FE5757B7 /* libPods.a */ = {isa = PBXFileReference; explicitFileType = archive.ar; includeInIndex = 0; path = libPods.a; sourceTree = BUILT_PRODUCTS_DIR; };
/* End PBXFileReference section */

/* Begin PBXFrameworksBuildPhase section */
		66CFBF211CCD9C9F00584043 /* Frameworks */ = {
			isa = PBXFrameworksBuildPhase;
			buildActionMask = 2147483647;
			files = (
				E30F60B1149E414E2C8E0EA9 /* libPods.a in Frameworks */,
			);
			runOnlyForDeploymentPostprocessing = 0;
		};
		66CFBF3A1CCD9C9F00584043 /* Frameworks */ = {
			isa = PBXFrameworksBuildPhase;
			buildActionMask = 2147483647;
			files = (
			);
			runOnlyForDeploymentPostprocessing = 0;
		};
		66CFBF451CCD9C9F00584043 /* Frameworks */ = {
			isa = PBXFrameworksBuildPhase;
			buildActionMask = 2147483647;
			files = (
			);
			runOnlyForDeploymentPostprocessing = 0;
		};
/* End PBXFrameworksBuildPhase section */

/* Begin PBXGroup section */
		669958AC1CCDA60E0068A8F8 /* Source */ = {
			isa = PBXGroup;
			children = (
				669958AD1CCDA60E0068A8F8 /* Application */,
				669958AE1CCDA60E0068A8F8 /* BaseClass */,
				669958AF1CCDA60E0068A8F8 /* CodeClass */,
				669958B01CCDA60E0068A8F8 /* DataBase */,
				669958B11CCDA60E0068A8F8 /* Framework */,
				669958B21CCDA60E0068A8F8 /* Helper */,
				669958B31CCDA60E0068A8F8 /* Macro */,
				669958B41CCDA60E0068A8F8 /* Resources */,
				669958B71CCDA60E0068A8F8 /* Thethird */,
			);
			path = Source;
			sourceTree = "<group>";
		};
		669958AD1CCDA60E0068A8F8 /* Application */ = {
			isa = PBXGroup;
			children = (
				66CFBF2A1CCD9C9F00584043 /* AppDelegate.h */,
				66CFBF2B1CCD9C9F00584043 /* AppDelegate.m */,
				669958B81CCDA8010068A8F8 /* MainViewController.h */,
				669958B91CCDA8010068A8F8 /* MainViewController.m */,
			);
			path = Application;
			sourceTree = "<group>";
		};
		669958AE1CCDA60E0068A8F8 /* BaseClass */ = {
			isa = PBXGroup;
			children = (
			);
			path = BaseClass;
			sourceTree = "<group>";
		};
		669958AF1CCDA60E0068A8F8 /* CodeClass */ = {
			isa = PBXGroup;
			children = (
				669959471CCDF7C50068A8F8 /* Login */,
				669958D01CCDAFDE0068A8F8 /* Business */,
				669958D61CCDAFDE0068A8F8 /* Buy */,
				669958DC1CCDAFDE0068A8F8 /* Homepages */,
				669958E21CCDAFDE0068A8F8 /* Mine */,
			);
			path = CodeClass;
			sourceTree = "<group>";
		};
		669958B01CCDA60E0068A8F8 /* DataBase */ = {
			isa = PBXGroup;
			children = (
			);
			path = DataBase;
			sourceTree = "<group>";
		};
		669958B11CCDA60E0068A8F8 /* Framework */ = {
			isa = PBXGroup;
			children = (
			);
			path = Framework;
			sourceTree = "<group>";
		};
		669958B21CCDA60E0068A8F8 /* Helper */ = {
			isa = PBXGroup;
			children = (
			);
			path = Helper;
			sourceTree = "<group>";
		};
		669958B31CCDA60E0068A8F8 /* Macro */ = {
			isa = PBXGroup;
			children = (
				669958CC1CCDABF10068A8F8 /* APPHeader.h */,
				669958CD1CCDAC050068A8F8 /* IMPHeader.h */,
				669958CE1CCDAC120068A8F8 /* KeyHeader.h */,
				669958CF1CCDAC1E0068A8F8 /* URlHeader.h */,
			);
			path = Macro;
			sourceTree = "<group>";
		};
		669958B41CCDA60E0068A8F8 /* Resources */ = {
			isa = PBXGroup;
			children = (
				669958B51CCDA60E0068A8F8 /* File */,
				669958B61CCDA60E0068A8F8 /* Images */,
			);
			path = Resources;
			sourceTree = "<group>";
		};
		669958B51CCDA60E0068A8F8 /* File */ = {
			isa = PBXGroup;
			children = (
			);
			path = File;
			sourceTree = "<group>";
		};
		669958B61CCDA60E0068A8F8 /* Images */ = {
			isa = PBXGroup;
			children = (
				669958EC1CCDF4A10068A8F8 /* business */,
				669958ED1CCDF4A10068A8F8 /* buy */,
				669958EE1CCDF4A10068A8F8 /* homepage */,
				669958EF1CCDF4A10068A8F8 /* mine */,
				669958FD1CCDF4A10068A8F8 /* start */,
				669959061CCDF4A10068A8F8 /* tarbar */,
			);
			path = Images;
			sourceTree = "<group>";
		};
		669958B71CCDA60E0068A8F8 /* Thethird */ = {
			isa = PBXGroup;
			children = (
				6699593C1CCDF5EF0068A8F8 /* Chameleon */,
				669959421CCDF5EF0068A8F8 /* UIImage+TransformColorAndImage.h */,
				669959431CCDF5EF0068A8F8 /* UIImage+TransformColorAndImage.m */,
			);
			path = Thethird;
			sourceTree = "<group>";
		};
		669958D01CCDAFDE0068A8F8 /* Business */ = {
			isa = PBXGroup;
			children = (
				669958D11CCDAFDE0068A8F8 /* Controller */,
				669958D41CCDAFDE0068A8F8 /* Model */,
				669958D51CCDAFDE0068A8F8 /* View */,
			);
			path = Business;
			sourceTree = "<group>";
		};
		669958D11CCDAFDE0068A8F8 /* Controller */ = {
			isa = PBXGroup;
			children = (
				669958D21CCDAFDE0068A8F8 /* BusinessViewController.h */,
				669958D31CCDAFDE0068A8F8 /* BusinessViewController.m */,
			);
			path = Controller;
			sourceTree = "<group>";
		};
		669958D41CCDAFDE0068A8F8 /* Model */ = {
			isa = PBXGroup;
			children = (
			);
			path = Model;
			sourceTree = "<group>";
		};
		669958D51CCDAFDE0068A8F8 /* View */ = {
			isa = PBXGroup;
			children = (
			);
			path = View;
			sourceTree = "<group>";
		};
		669958D61CCDAFDE0068A8F8 /* Buy */ = {
			isa = PBXGroup;
			children = (
				669958D71CCDAFDE0068A8F8 /* Controller */,
				669958DA1CCDAFDE0068A8F8 /* Model */,
				669958DB1CCDAFDE0068A8F8 /* View */,
			);
			path = Buy;
			sourceTree = "<group>";
		};
		669958D71CCDAFDE0068A8F8 /* Controller */ = {
			isa = PBXGroup;
			children = (
				669958D81CCDAFDE0068A8F8 /* BuyViewController.h */,
				669958D91CCDAFDE0068A8F8 /* BuyViewController.m */,
			);
			path = Controller;
			sourceTree = "<group>";
		};
		669958DA1CCDAFDE0068A8F8 /* Model */ = {
			isa = PBXGroup;
			children = (
			);
			path = Model;
			sourceTree = "<group>";
		};
		669958DB1CCDAFDE0068A8F8 /* View */ = {
			isa = PBXGroup;
			children = (
			);
			path = View;
			sourceTree = "<group>";
		};
		669958DC1CCDAFDE0068A8F8 /* Homepages */ = {
			isa = PBXGroup;
			children = (
				669958DD1CCDAFDE0068A8F8 /* Controller */,
				669958E01CCDAFDE0068A8F8 /* Model */,
				669958E11CCDAFDE0068A8F8 /* View */,
			);
			path = Homepages;
			sourceTree = "<group>";
		};
		669958DD1CCDAFDE0068A8F8 /* Controller */ = {
			isa = PBXGroup;
			children = (
				669958DE1CCDAFDE0068A8F8 /* HomePageViewController.h */,
				669958DF1CCDAFDE0068A8F8 /* HomePageViewController.m */,
			);
			path = Controller;
			sourceTree = "<group>";
		};
		669958E01CCDAFDE0068A8F8 /* Model */ = {
			isa = PBXGroup;
			children = (
			);
			path = Model;
			sourceTree = "<group>";
		};
		669958E11CCDAFDE0068A8F8 /* View */ = {
			isa = PBXGroup;
			children = (
			);
			path = View;
			sourceTree = "<group>";
		};
		669958E21CCDAFDE0068A8F8 /* Mine */ = {
			isa = PBXGroup;
			children = (
				669958E31CCDAFDE0068A8F8 /* Controller */,
				669958E61CCDAFDE0068A8F8 /* Model */,
				669958E71CCDAFDE0068A8F8 /* View */,
			);
			path = Mine;
			sourceTree = "<group>";
		};
		669958E31CCDAFDE0068A8F8 /* Controller */ = {
			isa = PBXGroup;
			children = (
				669958E41CCDAFDE0068A8F8 /* MineViewController.h */,
				669958E51CCDAFDE0068A8F8 /* MineViewController.m */,
			);
			path = Controller;
			sourceTree = "<group>";
		};
		669958E61CCDAFDE0068A8F8 /* Model */ = {
			isa = PBXGroup;
			children = (
			);
			path = Model;
			sourceTree = "<group>";
		};
		669958E71CCDAFDE0068A8F8 /* View */ = {
			isa = PBXGroup;
			children = (
			);
			path = View;
			sourceTree = "<group>";
		};
		669958EC1CCDF4A10068A8F8 /* business */ = {
			isa = PBXGroup;
			children = (
			);
			path = business;
			sourceTree = "<group>";
		};
		669958ED1CCDF4A10068A8F8 /* buy */ = {
			isa = PBXGroup;
			children = (
			);
			path = buy;
			sourceTree = "<group>";
		};
		669958EE1CCDF4A10068A8F8 /* homepage */ = {
			isa = PBXGroup;
			children = (
			);
			path = homepage;
			sourceTree = "<group>";
		};
		669958EF1CCDF4A10068A8F8 /* mine */ = {
			isa = PBXGroup;
			children = (
				669958F01CCDF4A10068A8F8 /* collection.png */,
				669958F11CCDF4A10068A8F8 /* comments.png */,
				669958F21CCDF4A10068A8F8 /* help.png */,
				669958F31CCDF4A10068A8F8 /* Icon.png */,
				669958F41CCDF4A10068A8F8 /* money.png */,
				669958F51CCDF4A10068A8F8 /* Myaccount.png */,
				669958F61CCDF4A10068A8F8 /* MyLogin.png */,
				669958F71CCDF4A10068A8F8 /* order.png */,
				669958F81CCDF4A10068A8F8 /* Setting.png */,
				669958F91CCDF4A10068A8F8 /* share.png */,
				669958FA1CCDF4A10068A8F8 /* sharetop.png */,
				669958FB1CCDF4A10068A8F8 /* shopcar.png */,
				669958FC1CCDF4A10068A8F8 /* wallet.png */,
			);
			path = mine;
			sourceTree = "<group>";
		};
		669958FD1CCDF4A10068A8F8 /* start */ = {
			isa = PBXGroup;
			children = (
				669958FE1CCDF4A10068A8F8 /* bg1@2x.png */,
				669958FF1CCDF4A10068A8F8 /* bg2@2x.png */,
				669959001CCDF4A10068A8F8 /* bg3@2x.png */,
				669959011CCDF4A10068A8F8 /* bg4@2x.png */,
				669959021CCDF4A10068A8F8 /* title1@2x.png */,
				669959031CCDF4A10068A8F8 /* title2@2x.png */,
				669959041CCDF4A10068A8F8 /* title3@2x.png */,
				669959051CCDF4A10068A8F8 /* title4@2x.png */,
			);
			path = start;
			sourceTree = "<group>";
		};
		669959061CCDF4A10068A8F8 /* tarbar */ = {
			isa = PBXGroup;
			children = (
				669959071CCDF4A10068A8F8 /* bussiness_normal.png */,
				669959081CCDF4A10068A8F8 /* bussiness_selected.png */,
				669959091CCDF4A10068A8F8 /* buy_normal.png */,
				6699590A1CCDF4A10068A8F8 /* buy_selected.png */,
				6699590B1CCDF4A10068A8F8 /* homepage_normal.png */,
				6699590C1CCDF4A10068A8F8 /* homepage_selected.png */,
				6699590D1CCDF4A10068A8F8 /* mine_normal.png */,
				6699590E1CCDF4A10068A8F8 /* mine_selected.png */,
				6699590F1CCDF4A10068A8F8 /* navigationbar_background.png */,
				669959101CCDF4A10068A8F8 /* navigationbar_background@2x.png */,
				669959111CCDF4A10068A8F8 /* navigationbar_background_tall.png */,
				669959121CCDF4A10068A8F8 /* navigationbar_background_tall@2x.png */,
				669959131CCDF4A10068A8F8 /* tabbar_normal_background.png */,
				669959141CCDF4A10068A8F8 /* tabbar_normal_background@2x.png */,
				669959151CCDF4A10068A8F8 /* tabbar_selected_background.png */,
				669959161CCDF4A10068A8F8 /* tabbar_selected_background@2x.png */,
			);
			path = tarbar;
			sourceTree = "<group>";
		};
		6699593C1CCDF5EF0068A8F8 /* Chameleon */ = {
			isa = PBXGroup;
			children = (
				6699593D1CCDF5EF0068A8F8 /* ChameleonMacros.h */,
				6699593E1CCDF5EF0068A8F8 /* UIColor+Chameleon.h */,
				6699593F1CCDF5EF0068A8F8 /* UIColor+Chameleon.m */,
				669959401CCDF5EF0068A8F8 /* UIColor+ChameleonPrivate.h */,
				669959411CCDF5EF0068A8F8 /* UIColor+ChameleonPrivate.m */,
			);
			path = Chameleon;
			sourceTree = "<group>";
		};
		669959471CCDF7C50068A8F8 /* Login */ = {
			isa = PBXGroup;
			children = (
				669959481CCDF7C50068A8F8 /* Control */,
				6699594F1CCDF7C50068A8F8 /* Model */,
				669959501CCDF7C50068A8F8 /* View */,
			);
			path = Login;
			sourceTree = "<group>";
		};
		669959481CCDF7C50068A8F8 /* Control */ = {
			isa = PBXGroup;
			children = (
				669959491CCDF7C50068A8F8 /* LoginViewController.h */,
				6699594A1CCDF7C50068A8F8 /* LoginViewController.m */,
				6699594B1CCDF7C50068A8F8 /* RegisterViewController.h */,
				6699594C1CCDF7C50068A8F8 /* RegisterViewController.m */,
				6699594D1CCDF7C50068A8F8 /* ResetPwdViewController.h */,
				6699594E1CCDF7C50068A8F8 /* ResetPwdViewController.m */,
			);
			path = Control;
			sourceTree = "<group>";
		};
		6699594F1CCDF7C50068A8F8 /* Model */ = {
			isa = PBXGroup;
			children = (
			);
			path = Model;
			sourceTree = "<group>";
		};
		669959501CCDF7C50068A8F8 /* View */ = {
			isa = PBXGroup;
			children = (
				669959511CCDF7C50068A8F8 /* Loginview.h */,
				669959521CCDF7C50068A8F8 /* Loginview.m */,
				669959531CCDF7C50068A8F8 /* RegisterView.h */,
				669959541CCDF7C50068A8F8 /* RegisterView.m */,
				669959551CCDF7C50068A8F8 /* resetPwdview.h */,
				669959561CCDF7C50068A8F8 /* resetPwdview.m */,
			);
			path = View;
			sourceTree = "<group>";
		};
		66CFBF1B1CCD9C9E00584043 = {
			isa = PBXGroup;
			children = (
				66CFBF261CCD9C9F00584043 /* HappyBuy */,
				66CFBF401CCD9C9F00584043 /* HappyBuyTests */,
				66CFBF4B1CCD9C9F00584043 /* HappyBuyUITests */,
				66CFBF251CCD9C9F00584043 /* Products */,
				A49A1E2497AD40AC9471D1E6 /* Pods */,
				97E11D4C976AE3C3F6DD595A /* Frameworks */,
			);
			sourceTree = "<group>";
		};
		66CFBF251CCD9C9F00584043 /* Products */ = {
			isa = PBXGroup;
			children = (
				66CFBF241CCD9C9F00584043 /* HappyBuy.app */,
				66CFBF3D1CCD9C9F00584043 /* HappyBuyTests.xctest */,
				66CFBF481CCD9C9F00584043 /* HappyBuyUITests.xctest */,
			);
			name = Products;
			sourceTree = "<group>";
		};
		66CFBF261CCD9C9F00584043 /* HappyBuy */ = {
			isa = PBXGroup;
			children = (
				669958AC1CCDA60E0068A8F8 /* Source */,
				66CFBF301CCD9C9F00584043 /* Main.storyboard */,
				66CFBF331CCD9C9F00584043 /* Assets.xcassets */,
				66CFBF351CCD9C9F00584043 /* LaunchScreen.storyboard */,
				66CFBF381CCD9C9F00584043 /* Info.plist */,
				669958CA1CCDAB5C0068A8F8 /* PrefixHeader.pch */,
				66CFBF271CCD9C9F00584043 /* Supporting Files */,
			);
			path = HappyBuy;
			sourceTree = "<group>";
		};
		66CFBF271CCD9C9F00584043 /* Supporting Files */ = {
			isa = PBXGroup;
			children = (
				66CFBF281CCD9C9F00584043 /* main.m */,
			);
			name = "Supporting Files";
			sourceTree = "<group>";
		};
		66CFBF401CCD9C9F00584043 /* HappyBuyTests */ = {
			isa = PBXGroup;
			children = (
				66CFBF411CCD9C9F00584043 /* HappyBuyTests.m */,
				66CFBF431CCD9C9F00584043 /* Info.plist */,
			);
			path = HappyBuyTests;
			sourceTree = "<group>";
		};
		66CFBF4B1CCD9C9F00584043 /* HappyBuyUITests */ = {
			isa = PBXGroup;
			children = (
				66CFBF4C1CCD9C9F00584043 /* HappyBuyUITests.m */,
				66CFBF4E1CCD9C9F00584043 /* Info.plist */,
			);
			path = HappyBuyUITests;
			sourceTree = "<group>";
		};
		97E11D4C976AE3C3F6DD595A /* Frameworks */ = {
			isa = PBXGroup;
			children = (
				E1E91A1412572CB1FE5757B7 /* libPods.a */,
			);
			name = Frameworks;
			sourceTree = "<group>";
		};
		A49A1E2497AD40AC9471D1E6 /* Pods */ = {
			isa = PBXGroup;
			children = (
				BB3E52C44887E0CB3866852E /* Pods.debug.xcconfig */,
				66CACAB9CAD998398E2DC278 /* Pods.release.xcconfig */,
			);
			name = Pods;
			sourceTree = "<group>";
		};
/* End PBXGroup section */

/* Begin PBXNativeTarget section */
		66CFBF231CCD9C9F00584043 /* HappyBuy */ = {
			isa = PBXNativeTarget;
			buildConfigurationList = 66CFBF511CCD9C9F00584043 /* Build configuration list for PBXNativeTarget "HappyBuy" */;
			buildPhases = (
				482D3230546D36B8BBF1A47C /* Check Pods Manifest.lock */,
				66CFBF201CCD9C9F00584043 /* Sources */,
				66CFBF211CCD9C9F00584043 /* Frameworks */,
				66CFBF221CCD9C9F00584043 /* Resources */,
				8314DF1F5295653FC3338CAF /* Embed Pods Frameworks */,
				08072DB41596EF03E61AD405 /* Copy Pods Resources */,
			);
			buildRules = (
			);
			dependencies = (
			);
			name = HappyBuy;
			productName = HappyBuy;
			productReference = 66CFBF241CCD9C9F00584043 /* HappyBuy.app */;
			productType = "com.apple.product-type.application";
		};
		66CFBF3C1CCD9C9F00584043 /* HappyBuyTests */ = {
			isa = PBXNativeTarget;
			buildConfigurationList = 66CFBF541CCD9C9F00584043 /* Build configuration list for PBXNativeTarget "HappyBuyTests" */;
			buildPhases = (
				66CFBF391CCD9C9F00584043 /* Sources */,
				66CFBF3A1CCD9C9F00584043 /* Frameworks */,
				66CFBF3B1CCD9C9F00584043 /* Resources */,
			);
			buildRules = (
			);
			dependencies = (
				66CFBF3F1CCD9C9F00584043 /* PBXTargetDependency */,
			);
			name = HappyBuyTests;
			productName = HappyBuyTests;
			productReference = 66CFBF3D1CCD9C9F00584043 /* HappyBuyTests.xctest */;
			productType = "com.apple.product-type.bundle.unit-test";
		};
		66CFBF471CCD9C9F00584043 /* HappyBuyUITests */ = {
			isa = PBXNativeTarget;
			buildConfigurationList = 66CFBF571CCD9C9F00584043 /* Build configuration list for PBXNativeTarget "HappyBuyUITests" */;
			buildPhases = (
				66CFBF441CCD9C9F00584043 /* Sources */,
				66CFBF451CCD9C9F00584043 /* Frameworks */,
				66CFBF461CCD9C9F00584043 /* Resources */,
			);
			buildRules = (
			);
			dependencies = (
				66CFBF4A1CCD9C9F00584043 /* PBXTargetDependency */,
			);
			name = HappyBuyUITests;
			productName = HappyBuyUITests;
			productReference = 66CFBF481CCD9C9F00584043 /* HappyBuyUITests.xctest */;
			productType = "com.apple.product-type.bundle.ui-testing";
		};
/* End PBXNativeTarget section */

/* Begin PBXProject section */
		66CFBF1C1CCD9C9E00584043 /* Project object */ = {
			isa = PBXProject;
			attributes = {
				LastUpgradeCheck = 0700;
				ORGANIZATIONNAME = TanZhiWei;
				TargetAttributes = {
					66CFBF231CCD9C9F00584043 = {
						CreatedOnToolsVersion = 7.0.1;
					};
					66CFBF3C1CCD9C9F00584043 = {
						CreatedOnToolsVersion = 7.0.1;
						TestTargetID = 66CFBF231CCD9C9F00584043;
					};
					66CFBF471CCD9C9F00584043 = {
						CreatedOnToolsVersion = 7.0.1;
						TestTargetID = 66CFBF231CCD9C9F00584043;
					};
				};
			};
			buildConfigurationList = 66CFBF1F1CCD9C9E00584043 /* Build configuration list for PBXProject "HappyBuy" */;
			compatibilityVersion = "Xcode 3.2";
			developmentRegion = English;
			hasScannedForEncodings = 0;
			knownRegions = (
				en,
				Base,
			);
			mainGroup = 66CFBF1B1CCD9C9E00584043;
			productRefGroup = 66CFBF251CCD9C9F00584043 /* Products */;
			projectDirPath = "";
			projectRoot = "";
			targets = (
				66CFBF231CCD9C9F00584043 /* HappyBuy */,
				66CFBF3C1CCD9C9F00584043 /* HappyBuyTests */,
				66CFBF471CCD9C9F00584043 /* HappyBuyUITests */,
			);
		};
/* End PBXProject section */

/* Begin PBXResourcesBuildPhase section */
		66CFBF221CCD9C9F00584043 /* Resources */ = {
			isa = PBXResourcesBuildPhase;
			buildActionMask = 2147483647;
			files = (
				6699592B1CCDF4A10068A8F8 /* title4@2x.png in Resources */,
				66CFBF371CCD9C9F00584043 /* LaunchScreen.storyboard in Resources */,
				669959261CCDF4A10068A8F8 /* bg3@2x.png in Resources */,
				669959211CCDF4A10068A8F8 /* sharetop.png in Resources */,
				6699591E1CCDF4A10068A8F8 /* order.png in Resources */,
				669959301CCDF4A10068A8F8 /* homepage_normal.png in Resources */,
				669959271CCDF4A10068A8F8 /* bg4@2x.png in Resources */,
				669959181CCDF4A10068A8F8 /* comments.png in Resources */,
				669959351CCDF4A10068A8F8 /* navigationbar_background@2x.png in Resources */,
				669959191CCDF4A10068A8F8 /* help.png in Resources */,
				669959321CCDF4A10068A8F8 /* mine_normal.png in Resources */,
				6699593B1CCDF4A10068A8F8 /* tabbar_selected_background@2x.png in Resources */,
				6699591F1CCDF4A10068A8F8 /* Setting.png in Resources */,
				669959311CCDF4A10068A8F8 /* homepage_selected.png in Resources */,
				669959231CCDF4A10068A8F8 /* wallet.png in Resources */,
				6699592C1CCDF4A10068A8F8 /* bussiness_normal.png in Resources */,
				6699591C1CCDF4A10068A8F8 /* Myaccount.png in Resources */,
				6699592D1CCDF4A10068A8F8 /* bussiness_selected.png in Resources */,
				669959241CCDF4A10068A8F8 /* bg1@2x.png in Resources */,
				669959171CCDF4A10068A8F8 /* collection.png in Resources */,
				669959251CCDF4A10068A8F8 /* bg2@2x.png in Resources */,
				669959281CCDF4A10068A8F8 /* title1@2x.png in Resources */,
				6699592A1CCDF4A10068A8F8 /* title3@2x.png in Resources */,
				669959361CCDF4A10068A8F8 /* navigationbar_background_tall.png in Resources */,
				6699593A1CCDF4A10068A8F8 /* tabbar_selected_background.png in Resources */,
				669959331CCDF4A10068A8F8 /* mine_selected.png in Resources */,
				6699592E1CCDF4A10068A8F8 /* buy_normal.png in Resources */,
				6699592F1CCDF4A10068A8F8 /* buy_selected.png in Resources */,
				6699591D1CCDF4A10068A8F8 /* MyLogin.png in Resources */,
				669959391CCDF4A10068A8F8 /* tabbar_normal_background@2x.png in Resources */,
				669959381CCDF4A10068A8F8 /* tabbar_normal_background.png in Resources */,
				6699591B1CCDF4A10068A8F8 /* money.png in Resources */,
				669959291CCDF4A10068A8F8 /* title2@2x.png in Resources */,
				669959371CCDF4A10068A8F8 /* navigationbar_background_tall@2x.png in Resources */,
				66CFBF341CCD9C9F00584043 /* Assets.xcassets in Resources */,
				6699591A1CCDF4A10068A8F8 /* Icon.png in Resources */,
				669959221CCDF4A10068A8F8 /* shopcar.png in Resources */,
				66CFBF321CCD9C9F00584043 /* Main.storyboard in Resources */,
				669959341CCDF4A10068A8F8 /* navigationbar_background.png in Resources */,
				669959201CCDF4A10068A8F8 /* share.png in Resources */,
			);
			runOnlyForDeploymentPostprocessing = 0;
		};
		66CFBF3B1CCD9C9F00584043 /* Resources */ = {
			isa = PBXResourcesBuildPhase;
			buildActionMask = 2147483647;
			files = (
			);
			runOnlyForDeploymentPostprocessing = 0;
		};
		66CFBF461CCD9C9F00584043 /* Resources */ = {
			isa = PBXResourcesBuildPhase;
			buildActionMask = 2147483647;
			files = (
			);
			runOnlyForDeploymentPostprocessing = 0;
		};
/* End PBXResourcesBuildPhase section */

/* Begin PBXShellScriptBuildPhase section */
		08072DB41596EF03E61AD405 /* Copy Pods Resources */ = {
			isa = PBXShellScriptBuildPhase;
			buildActionMask = 2147483647;
			files = (
			);
			inputPaths = (
			);
			name = "Copy Pods Resources";
			outputPaths = (
			);
			runOnlyForDeploymentPostprocessing = 0;
			shellPath = /bin/sh;
			shellScript = "\"${SRCROOT}/Pods/Target Support Files/Pods/Pods-resources.sh\"\n";
			showEnvVarsInLog = 0;
		};
		482D3230546D36B8BBF1A47C /* Check Pods Manifest.lock */ = {
			isa = PBXShellScriptBuildPhase;
			buildActionMask = 2147483647;
			files = (
			);
			inputPaths = (
			);
			name = "Check Pods Manifest.lock";
			outputPaths = (
			);
			runOnlyForDeploymentPostprocessing = 0;
			shellPath = /bin/sh;
			shellScript = "diff \"${PODS_ROOT}/../Podfile.lock\" \"${PODS_ROOT}/Manifest.lock\" > /dev/null\nif [[ $? != 0 ]] ; then\n    cat << EOM\nerror: The sandbox is not in sync with the Podfile.lock. Run 'pod install' or update your CocoaPods installation.\nEOM\n    exit 1\nfi\n";
			showEnvVarsInLog = 0;
		};
		8314DF1F5295653FC3338CAF /* Embed Pods Frameworks */ = {
			isa = PBXShellScriptBuildPhase;
			buildActionMask = 2147483647;
			files = (
			);
			inputPaths = (
			);
			name = "Embed Pods Frameworks";
			outputPaths = (
			);
			runOnlyForDeploymentPostprocessing = 0;
			shellPath = /bin/sh;
			shellScript = "\"${SRCROOT}/Pods/Target Support Files/Pods/Pods-frameworks.sh\"\n";
			showEnvVarsInLog = 0;
		};
/* End PBXShellScriptBuildPhase section */

/* Begin PBXSourcesBuildPhase section */
		66CFBF201CCD9C9F00584043 /* Sources */ = {
			isa = PBXSourcesBuildPhase;
			buildActionMask = 2147483647;
			files = (
				669959461CCDF5EF0068A8F8 /* UIImage+TransformColorAndImage.m in Sources */,
				66CFBF2C1CCD9C9F00584043 /* AppDelegate.m in Sources */,
				6699595C1CCDF7C50068A8F8 /* resetPwdview.m in Sources */,
				669958EB1CCDAFDE0068A8F8 /* MineViewController.m in Sources */,
				669959441CCDF5EF0068A8F8 /* UIColor+Chameleon.m in Sources */,
				669958BA1CCDA8010068A8F8 /* MainViewController.m in Sources */,
				669959591CCDF7C50068A8F8 /* ResetPwdViewController.m in Sources */,
				6699595A1CCDF7C50068A8F8 /* Loginview.m in Sources */,
				669958EA1CCDAFDE0068A8F8 /* HomePageViewController.m in Sources */,
				669958E81CCDAFDE0068A8F8 /* BusinessViewController.m in Sources */,
				669959581CCDF7C50068A8F8 /* RegisterViewController.m in Sources */,
				669959451CCDF5EF0068A8F8 /* UIColor+ChameleonPrivate.m in Sources */,
				66CFBF291CCD9C9F00584043 /* main.m in Sources */,
				669959571CCDF7C50068A8F8 /* LoginViewController.m in Sources */,
				669958E91CCDAFDE0068A8F8 /* BuyViewController.m in Sources */,
				6699595B1CCDF7C50068A8F8 /* RegisterView.m in Sources */,
			);
			runOnlyForDeploymentPostprocessing = 0;
		};
		66CFBF391CCD9C9F00584043 /* Sources */ = {
			isa = PBXSourcesBuildPhase;
			buildActionMask = 2147483647;
			files = (
				66CFBF421CCD9C9F00584043 /* HappyBuyTests.m in Sources */,
			);
			runOnlyForDeploymentPostprocessing = 0;
		};
		66CFBF441CCD9C9F00584043 /* Sources */ = {
			isa = PBXSourcesBuildPhase;
			buildActionMask = 2147483647;
			files = (
				66CFBF4D1CCD9C9F00584043 /* HappyBuyUITests.m in Sources */,
			);
			runOnlyForDeploymentPostprocessing = 0;
		};
/* End PBXSourcesBuildPhase section */

/* Begin PBXTargetDependency section */
		66CFBF3F1CCD9C9F00584043 /* PBXTargetDependency */ = {
			isa = PBXTargetDependency;
			target = 66CFBF231CCD9C9F00584043 /* HappyBuy */;
			targetProxy = 66CFBF3E1CCD9C9F00584043 /* PBXContainerItemProxy */;
		};
		66CFBF4A1CCD9C9F00584043 /* PBXTargetDependency */ = {
			isa = PBXTargetDependency;
			target = 66CFBF231CCD9C9F00584043 /* HappyBuy */;
			targetProxy = 66CFBF491CCD9C9F00584043 /* PBXContainerItemProxy */;
		};
/* End PBXTargetDependency section */

/* Begin PBXVariantGroup section */
		66CFBF301CCD9C9F00584043 /* Main.storyboard */ = {
			isa = PBXVariantGroup;
			children = (
				66CFBF311CCD9C9F00584043 /* Base */,
			);
			name = Main.storyboard;
			sourceTree = "<group>";
		};
		66CFBF351CCD9C9F00584043 /* LaunchScreen.storyboard */ = {
			isa = PBXVariantGroup;
			children = (
				66CFBF361CCD9C9F00584043 /* Base */,
			);
			name = LaunchScreen.storyboard;
			sourceTree = "<group>";
		};
/* End PBXVariantGroup section */

/* Begin XCBuildConfiguration section */
		66CFBF4F1CCD9C9F00584043 /* Debug */ = {
			isa = XCBuildConfiguration;
			buildSettings = {
				ALWAYS_SEARCH_USER_PATHS = NO;
				CLANG_CXX_LANGUAGE_STANDARD = "gnu++0x";
				CLANG_CXX_LIBRARY = "libc++";
				CLANG_ENABLE_MODULES = YES;
				CLANG_ENABLE_OBJC_ARC = YES;
				CLANG_WARN_BOOL_CONVERSION = YES;
				CLANG_WARN_CONSTANT_CONVERSION = YES;
				CLANG_WARN_DIRECT_OBJC_ISA_USAGE = YES_ERROR;
				CLANG_WARN_EMPTY_BODY = YES;
				CLANG_WARN_ENUM_CONVERSION = YES;
				CLANG_WARN_INT_CONVERSION = YES;
				CLANG_WARN_OBJC_ROOT_CLASS = YES_ERROR;
				CLANG_WARN_UNREACHABLE_CODE = YES;
				CLANG_WARN__DUPLICATE_METHOD_MATCH = YES;
				"CODE_SIGN_IDENTITY[sdk=iphoneos*]" = "iPhone Developer";
				COPY_PHASE_STRIP = NO;
				DEBUG_INFORMATION_FORMAT = dwarf;
				ENABLE_STRICT_OBJC_MSGSEND = YES;
				ENABLE_TESTABILITY = YES;
				GCC_C_LANGUAGE_STANDARD = gnu99;
				GCC_DYNAMIC_NO_PIC = NO;
				GCC_NO_COMMON_BLOCKS = YES;
				GCC_OPTIMIZATION_LEVEL = 0;
				GCC_PREPROCESSOR_DEFINITIONS = (
					"DEBUG=1",
					"$(inherited)",
				);
				GCC_WARN_64_TO_32_BIT_CONVERSION = YES;
				GCC_WARN_ABOUT_RETURN_TYPE = YES_ERROR;
				GCC_WARN_UNDECLARED_SELECTOR = YES;
				GCC_WARN_UNINITIALIZED_AUTOS = YES_AGGRESSIVE;
				GCC_WARN_UNUSED_FUNCTION = YES;
				GCC_WARN_UNUSED_VARIABLE = YES;
				IPHONEOS_DEPLOYMENT_TARGET = 9.0;
				MTL_ENABLE_DEBUG_INFO = YES;
				ONLY_ACTIVE_ARCH = YES;
				SDKROOT = iphoneos;
			};
			name = Debug;
		};
		66CFBF501CCD9C9F00584043 /* Release */ = {
			isa = XCBuildConfiguration;
			buildSettings = {
				ALWAYS_SEARCH_USER_PATHS = NO;
				CLANG_CXX_LANGUAGE_STANDARD = "gnu++0x";
				CLANG_CXX_LIBRARY = "libc++";
				CLANG_ENABLE_MODULES = YES;
				CLANG_ENABLE_OBJC_ARC = YES;
				CLANG_WARN_BOOL_CONVERSION = YES;
				CLANG_WARN_CONSTANT_CONVERSION = YES;
				CLANG_WARN_DIRECT_OBJC_ISA_USAGE = YES_ERROR;
				CLANG_WARN_EMPTY_BODY = YES;
				CLANG_WARN_ENUM_CONVERSION = YES;
				CLANG_WARN_INT_CONVERSION = YES;
				CLANG_WARN_OBJC_ROOT_CLASS = YES_ERROR;
				CLANG_WARN_UNREACHABLE_CODE = YES;
				CLANG_WARN__DUPLICATE_METHOD_MATCH = YES;
				"CODE_SIGN_IDENTITY[sdk=iphoneos*]" = "iPhone Developer";
				COPY_PHASE_STRIP = NO;
				DEBUG_INFORMATION_FORMAT = "dwarf-with-dsym";
				ENABLE_NS_ASSERTIONS = NO;
				ENABLE_STRICT_OBJC_MSGSEND = YES;
				GCC_C_LANGUAGE_STANDARD = gnu99;
				GCC_NO_COMMON_BLOCKS = YES;
				GCC_WARN_64_TO_32_BIT_CONVERSION = YES;
				GCC_WARN_ABOUT_RETURN_TYPE = YES_ERROR;
				GCC_WARN_UNDECLARED_SELECTOR = YES;
				GCC_WARN_UNINITIALIZED_AUTOS = YES_AGGRESSIVE;
				GCC_WARN_UNUSED_FUNCTION = YES;
				GCC_WARN_UNUSED_VARIABLE = YES;
				IPHONEOS_DEPLOYMENT_TARGET = 9.0;
				MTL_ENABLE_DEBUG_INFO = NO;
				SDKROOT = iphoneos;
				VALIDATE_PRODUCT = YES;
			};
			name = Release;
		};
		66CFBF521CCD9C9F00584043 /* Debug */ = {
			isa = XCBuildConfiguration;
			baseConfigurationReference = BB3E52C44887E0CB3866852E /* Pods.debug.xcconfig */;
			buildSettings = {
				ASSETCATALOG_COMPILER_APPICON_NAME = AppIcon;
				GCC_PREFIX_HEADER = /Users/tanzhiwei/Desktop/HappyBuys/HappyBuy/HappyBuy/PrefixHeader.pch;
				INFOPLIST_FILE = HappyBuy/Info.plist;
				LD_RUNPATH_SEARCH_PATHS = "$(inherited) @executable_path/Frameworks";
				PRODUCT_BUNDLE_IDENTIFIER = zhiwei.tan.HappyBuy;
				PRODUCT_NAME = "$(TARGET_NAME)";
			};
			name = Debug;
		};
		66CFBF531CCD9C9F00584043 /* Release */ = {
			isa = XCBuildConfiguration;
			baseConfigurationReference = 66CACAB9CAD998398E2DC278 /* Pods.release.xcconfig */;
			buildSettings = {
				ASSETCATALOG_COMPILER_APPICON_NAME = AppIcon;
				GCC_PREFIX_HEADER = /Users/tanzhiwei/Desktop/HappyBuys/HappyBuy/HappyBuy/PrefixHeader.pch;
				INFOPLIST_FILE = HappyBuy/Info.plist;
				LD_RUNPATH_SEARCH_PATHS = "$(inherited) @executable_path/Frameworks";
				PRODUCT_BUNDLE_IDENTIFIER = zhiwei.tan.HappyBuy;
				PRODUCT_NAME = "$(TARGET_NAME)";
			};
			name = Release;
		};
		66CFBF551CCD9C9F00584043 /* Debug */ = {
			isa = XCBuildConfiguration;
			buildSettings = {
				BUNDLE_LOADER = "$(TEST_HOST)";
				INFOPLIST_FILE = HappyBuyTests/Info.plist;
				LD_RUNPATH_SEARCH_PATHS = "$(inherited) @executable_path/Frameworks @loader_path/Frameworks";
				PRODUCT_BUNDLE_IDENTIFIER = zhiwei.tan.HappyBuyTests;
				PRODUCT_NAME = "$(TARGET_NAME)";
				TEST_HOST = "$(BUILT_PRODUCTS_DIR)/HappyBuy.app/HappyBuy";
			};
			name = Debug;
		};
		66CFBF561CCD9C9F00584043 /* Release */ = {
			isa = XCBuildConfiguration;
			buildSettings = {
				BUNDLE_LOADER = "$(TEST_HOST)";
				INFOPLIST_FILE = HappyBuyTests/Info.plist;
				LD_RUNPATH_SEARCH_PATHS = "$(inherited) @executable_path/Frameworks @loader_path/Frameworks";
				PRODUCT_BUNDLE_IDENTIFIER = zhiwei.tan.HappyBuyTests;
				PRODUCT_NAME = "$(TARGET_NAME)";
				TEST_HOST = "$(BUILT_PRODUCTS_DIR)/HappyBuy.app/HappyBuy";
			};
			name = Release;
		};
		66CFBF581CCD9C9F00584043 /* Debug */ = {
			isa = XCBuildConfiguration;
			buildSettings = {
				INFOPLIST_FILE = HappyBuyUITests/Info.plist;
				LD_RUNPATH_SEARCH_PATHS = "$(inherited) @executable_path/Frameworks @loader_path/Frameworks";
				PRODUCT_BUNDLE_IDENTIFIER = zhiwei.tan.HappyBuyUITests;
				PRODUCT_NAME = "$(TARGET_NAME)";
				TEST_TARGET_NAME = HappyBuy;
				USES_XCTRUNNER = YES;
			};
			name = Debug;
		};
		66CFBF591CCD9C9F00584043 /* Release */ = {
			isa = XCBuildConfiguration;
			buildSettings = {
				INFOPLIST_FILE = HappyBuyUITests/Info.plist;
				LD_RUNPATH_SEARCH_PATHS = "$(inherited) @executable_path/Frameworks @loader_path/Frameworks";
				PRODUCT_BUNDLE_IDENTIFIER = zhiwei.tan.HappyBuyUITests;
				PRODUCT_NAME = "$(TARGET_NAME)";
				TEST_TARGET_NAME = HappyBuy;
				USES_XCTRUNNER = YES;
			};
			name = Release;
		};
/* End XCBuildConfiguration section */

/* Begin XCConfigurationList section */
		66CFBF1F1CCD9C9E00584043 /* Build configuration list for PBXProject "HappyBuy" */ = {
			isa = XCConfigurationList;
			buildConfigurations = (
				66CFBF4F1CCD9C9F00584043 /* Debug */,
				66CFBF501CCD9C9F00584043 /* Release */,
			);
			defaultConfigurationIsVisible = 0;
			defaultConfigurationName = Release;
		};
		66CFBF511CCD9C9F00584043 /* Build configuration list for PBXNativeTarget "HappyBuy" */ = {
			isa = XCConfigurationList;
			buildConfigurations = (
				66CFBF521CCD9C9F00584043 /* Debug */,
				66CFBF531CCD9C9F00584043 /* Release */,
			);
			defaultConfigurationIsVisible = 0;
			defaultConfigurationName = Release;
		};
		66CFBF541CCD9C9F00584043 /* Build configuration list for PBXNativeTarget "HappyBuyTests" */ = {
			isa = XCConfigurationList;
			buildConfigurations = (
				66CFBF551CCD9C9F00584043 /* Debug */,
				66CFBF561CCD9C9F00584043 /* Release */,
			);
			defaultConfigurationIsVisible = 0;
			defaultConfigurationName = Release;
		};
		66CFBF571CCD9C9F00584043 /* Build configuration list for PBXNativeTarget "HappyBuyUITests" */ = {
			isa = XCConfigurationList;
			buildConfigurations = (
				66CFBF581CCD9C9F00584043 /* Debug */,
				66CFBF591CCD9C9F00584043 /* Release */,
			);
			defaultConfigurationIsVisible = 0;
			defaultConfigurationName = Release;
		};
/* End XCConfigurationList section */
	};
	rootObject = 66CFBF1C1CCD9C9E00584043 /* Project object */;
}
